
Microsoft Visual Studio Solution File, Format Version 12.00
# Visual Studio Version 17
VisualStudioVersion = 17.4.33205.214
MinimumVisualStudioVersion = 10.0.40219.1
Project("{FAE04EC0-301F-11D3-BF4B-00C04F79EFBC}") = "RazorPagesMovie", "RazorPagesMovie\RazorPagesMovie.csproj", "{67F96DF8-CE43-4879-988F-DCC14483F75B}"
EndProject
Global
	GlobalSection(SolutionConfigurationPlatforms) = preSolution
		Debug|Any CPU = Debug|Any CPU
		Release|Any CPU = Release|Any CPU
	EndGlobalSection
	GlobalSection(ProjectConfigurationPlatforms) = postSolution
		{67F96DF8-CE43-4879-988F-DCC14483F75B}.Debug|Any CPU.ActiveCfg = Debug|Any CPU
		{67F96DF8-CE43-4879-988F-DCC14483F75B}.Debug|Any CPU.Build.0 = Debug|Any CPU
		{67F96DF8-CE43-4879-988F-DCC14483F75B}.Release|Any CPU.ActiveCfg = Release|Any CPU
		{67F96DF8-CE43-4879-988F-DCC14483F75B}.Release|Any CPU.Build.0 = Release|Any CPU
	EndGlobalSection
	GlobalSection(SolutionProperties) = preSolution
		HideSolutionNode = FALSE
	EndGlobalSection
	GlobalSection(ExtensibilityGlobals) = postSolution
		SolutionGuid = {EA7BA97F-DB6F-4938-82F0-7137417FB8A4}
	EndGlobalSection
EndGlobal
